// !$*UTF8*$!
{
	archiveVersion = 1;
	classes = {
	};
	objectVersion = 50;
	objects = {

/* Begin PBXBuildFile section */
		4B83B3DC211585C4000DC9CF /* AppDelegate.swift in Sources */ = {isa = PBXBuildFile; fileRef = 4B83B3DB211585C4000DC9CF /* AppDelegate.swift */; };
		4B83B3DE211585C4000DC9CF /* GateWayViewController.swift in Sources */ = {isa = PBXBuildFile; fileRef = 4B83B3DD211585C4000DC9CF /* GateWayViewController.swift */; };
		4B83B3E1211585C4000DC9CF /* Main.storyboard in Resources */ = {isa = PBXBuildFile; fileRef = 4B83B3DF211585C4000DC9CF /* Main.storyboard */; };
		4B83B3E3211585C5000DC9CF /* Assets.xcassets in Resources */ = {isa = PBXBuildFile; fileRef = 4B83B3E2211585C5000DC9CF /* Assets.xcassets */; };
		4B83B3E6211585C5000DC9CF /* LaunchScreen.storyboard in Resources */ = {isa = PBXBuildFile; fileRef = 4B83B3E4211585C5000DC9CF /* LaunchScreen.storyboard */; };
		4B83B3EE211585FE000DC9CF /* GlobalViewController.swift in Sources */ = {isa = PBXBuildFile; fileRef = 4B83B3ED211585FE000DC9CF /* GlobalViewController.swift */; };
		4B83B3F0211589E2000DC9CF /* GlobalCollectionViewCell.swift in Sources */ = {isa = PBXBuildFile; fileRef = 4B83B3EF211589E2000DC9CF /* GlobalCollectionViewCell.swift */; };
		4B83B3F2211589FC000DC9CF /* GateWayCell.swift in Sources */ = {isa = PBXBuildFile; fileRef = 4B83B3F1211589FC000DC9CF /* GateWayCell.swift */; };
		4B83B3F421158A26000DC9CF /* ExtensionUICollectionView.swift in Sources */ = {isa = PBXBuildFile; fileRef = 4B83B3F321158A26000DC9CF /* ExtensionUICollectionView.swift */; };
		4B83B3F921158BE3000DC9CF /* SwipeMenuProtocol.swift in Sources */ = {isa = PBXBuildFile; fileRef = 4B83B3F821158BE3000DC9CF /* SwipeMenuProtocol.swift */; };
		4B83B3FB2116868A000DC9CF /* SwipeMenuView.swift in Sources */ = {isa = PBXBuildFile; fileRef = 4B83B3FA2116868A000DC9CF /* SwipeMenuView.swift */; };
		4B83B3FE21168A8E000DC9CF /* ContentScrollView.swift in Sources */ = {isa = PBXBuildFile; fileRef = 4B83B3FD21168A8E000DC9CF /* ContentScrollView.swift */; };
		4B83B40021168D2C000DC9CF /* TabView.swift in Sources */ = {isa = PBXBuildFile; fileRef = 4B83B3FF21168D2C000DC9CF /* TabView.swift */; };
		4B83B40221170B38000DC9CF /* SwipeMenuViewController.swift in Sources */ = {isa = PBXBuildFile; fileRef = 4B83B40121170B38000DC9CF /* SwipeMenuViewController.swift */; };
		4B83B40421170CAB000DC9CF /* Router.swift in Sources */ = {isa = PBXBuildFile; fileRef = 4B83B40321170CAB000DC9CF /* Router.swift */; };
		4B83B40821170D73000DC9CF /* ContentViewController.swift in Sources */ = {isa = PBXBuildFile; fileRef = 4B83B40721170D73000DC9CF /* ContentViewController.swift */; };
		4B83B40B21171162000DC9CF /* SwipeViewController.swift in Sources */ = {isa = PBXBuildFile; fileRef = 4B83B40A21171162000DC9CF /* SwipeViewController.swift */; };
/* End PBXBuildFile section */

/* Begin PBXFileReference section */
		4B83B3D8211585C4000DC9CF /* PlaySwift.app */ = {isa = PBXFileReference; explicitFileType = wrapper.application; includeInIndex = 0; path = PlaySwift.app; sourceTree = BUILT_PRODUCTS_DIR; };
		4B83B3DB211585C4000DC9CF /* AppDelegate.swift */ = {isa = PBXFileReference; lastKnownFileType = sourcecode.swift; path = AppDelegate.swift; sourceTree = "<group>"; };
		4B83B3DD211585C4000DC9CF /* GateWayViewController.swift */ = {isa = PBXFileReference; lastKnownFileType = sourcecode.swift; path = GateWayViewController.swift; sourceTree = "<group>"; };
		4B83B3E0211585C4000DC9CF /* Base */ = {isa = PBXFileReference; lastKnownFileType = file.storyboard; name = Base; path = Base.lproj/Main.storyboard; sourceTree = "<group>"; };
		4B83B3E2211585C5000DC9CF /* Assets.xcassets */ = {isa = PBXFileReference; lastKnownFileType = folder.assetcatalog; path = Assets.xcassets; sourceTree = "<group>"; };
		4B83B3E5211585C5000DC9CF /* Base */ = {isa = PBXFileReference; lastKnownFileType = file.storyboard; name = Base; path = Base.lproj/LaunchScreen.storyboard; sourceTree = "<group>"; };
		4B83B3E7211585C5000DC9CF /* Info.plist */ = {isa = PBXFileReference; lastKnownFileType = text.plist.xml; path = Info.plist; sourceTree = "<group>"; };
		4B83B3ED211585FE000DC9CF /* GlobalViewController.swift */ = {isa = PBXFileReference; lastKnownFileType = sourcecode.swift; path = GlobalViewController.swift; sourceTree = "<group>"; };
		4B83B3EF211589E2000DC9CF /* GlobalCollectionViewCell.swift */ = {isa = PBXFileReference; lastKnownFileType = sourcecode.swift; path = GlobalCollectionViewCell.swift; sourceTree = "<group>"; };
		4B83B3F1211589FC000DC9CF /* GateWayCell.swift */ = {isa = PBXFileReference; lastKnownFileType = sourcecode.swift; path = GateWayCell.swift; sourceTree = "<group>"; };
		4B83B3F321158A26000DC9CF /* ExtensionUICollectionView.swift */ = {isa = PBXFileReference; lastKnownFileType = sourcecode.swift; path = ExtensionUICollectionView.swift; sourceTree = "<group>"; };
		4B83B3F821158BE3000DC9CF /* SwipeMenuProtocol.swift */ = {isa = PBXFileReference; lastKnownFileType = sourcecode.swift; path = SwipeMenuProtocol.swift; sourceTree = "<group>"; };
		4B83B3FA2116868A000DC9CF /* SwipeMenuView.swift */ = {isa = PBXFileReference; lastKnownFileType = sourcecode.swift; path = SwipeMenuView.swift; sourceTree = "<group>"; };
		4B83B3FD21168A8E000DC9CF /* ContentScrollView.swift */ = {isa = PBXFileReference; lastKnownFileType = sourcecode.swift; path = ContentScrollView.swift; sourceTree = "<group>"; };
		4B83B3FF21168D2C000DC9CF /* TabView.swift */ = {isa = PBXFileReference; lastKnownFileType = sourcecode.swift; path = TabView.swift; sourceTree = "<group>"; };
		4B83B40121170B38000DC9CF /* SwipeMenuViewController.swift */ = {isa = PBXFileReference; lastKnownFileType = sourcecode.swift; path = SwipeMenuViewController.swift; sourceTree = "<group>"; };
		4B83B40321170CAB000DC9CF /* Router.swift */ = {isa = PBXFileReference; lastKnownFileType = sourcecode.swift; path = Router.swift; sourceTree = "<group>"; };
		4B83B40721170D73000DC9CF /* ContentViewController.swift */ = {isa = PBXFileReference; lastKnownFileType = sourcecode.swift; path = ContentViewController.swift; sourceTree = "<group>"; };
		4B83B40A21171162000DC9CF /* SwipeViewController.swift */ = {isa = PBXFileReference; lastKnownFileType = sourcecode.swift; path = SwipeViewController.swift; sourceTree = "<group>"; };
/* End PBXFileReference section */

/* Begin PBXFrameworksBuildPhase section */
		4B83B3D5211585C4000DC9CF /* Frameworks */ = {
			isa = PBXFrameworksBuildPhase;
			buildActionMask = 2147483647;
			files = (
			);
			runOnlyForDeploymentPostprocessing = 0;
		};
/* End PBXFrameworksBuildPhase section */

/* Begin PBXGroup section */
		4B83B3CF211585C4000DC9CF = {
			isa = PBXGroup;
			children = (
				4B83B3DA211585C4000DC9CF /* PlaySwift */,
				4B83B3D9211585C4000DC9CF /* Products */,
			);
			sourceTree = "<group>";
		};
		4B83B3D9211585C4000DC9CF /* Products */ = {
			isa = PBXGroup;
			children = (
				4B83B3D8211585C4000DC9CF /* PlaySwift.app */,
			);
			name = Products;
			sourceTree = "<group>";
		};
		4B83B3DA211585C4000DC9CF /* PlaySwift */ = {
			isa = PBXGroup;
			children = (
				4B83B3DB211585C4000DC9CF /* AppDelegate.swift */,
				4B83B3E4211585C5000DC9CF /* LaunchScreen.storyboard */,
				4B83B3DF211585C4000DC9CF /* Main.storyboard */,
				4B83B3F521158A59000DC9CF /* Extension */,
				4B83B3F621158A66000DC9CF /* Global */,
				4B83B3F721158A99000DC9CF /* GateWay */,
				4B83B3FC21168699000DC9CF /* SwipeMenu */,
				4B83B3E2211585C5000DC9CF /* Assets.xcassets */,
				4B83B3E7211585C5000DC9CF /* Info.plist */,
			);
			path = PlaySwift;
			sourceTree = "<group>";
		};
		4B83B3F521158A59000DC9CF /* Extension */ = {
			isa = PBXGroup;
			children = (
				4B83B3F321158A26000DC9CF /* ExtensionUICollectionView.swift */,
			);
			path = Extension;
			sourceTree = "<group>";
		};
		4B83B3F621158A66000DC9CF /* Global */ = {
			isa = PBXGroup;
			children = (
				4B83B3ED211585FE000DC9CF /* GlobalViewController.swift */,
				4B83B3EF211589E2000DC9CF /* GlobalCollectionViewCell.swift */,
				4B83B40321170CAB000DC9CF /* Router.swift */,
			);
			path = Global;
			sourceTree = "<group>";
		};
		4B83B3F721158A99000DC9CF /* GateWay */ = {
			isa = PBXGroup;
			children = (
				4B83B3DD211585C4000DC9CF /* GateWayViewController.swift */,
				4B83B3F1211589FC000DC9CF /* GateWayCell.swift */,
			);
			path = GateWay;
			sourceTree = "<group>";
		};
		4B83B3FC21168699000DC9CF /* SwipeMenu */ = {
			isa = PBXGroup;
			children = (
				4B83B40921170F13000DC9CF /* Sample */,
				4B83B40121170B38000DC9CF /* SwipeMenuViewController.swift */,
				4B83B3F821158BE3000DC9CF /* SwipeMenuProtocol.swift */,
				4B83B3FA2116868A000DC9CF /* SwipeMenuView.swift */,
				4B83B3FD21168A8E000DC9CF /* ContentScrollView.swift */,
				4B83B3FF21168D2C000DC9CF /* TabView.swift */,
			);
			path = SwipeMenu;
			sourceTree = "<group>";
		};
		4B83B40921170F13000DC9CF /* Sample */ = {
			isa = PBXGroup;
			children = (
				4B83B40721170D73000DC9CF /* ContentViewController.swift */,
				4B83B40A21171162000DC9CF /* SwipeViewController.swift */,
			);
			path = Sample;
			sourceTree = "<group>";
		};
/* End PBXGroup section */

/* Begin PBXNativeTarget section */
		4B83B3D7211585C4000DC9CF /* PlaySwift */ = {
			isa = PBXNativeTarget;
			buildConfigurationList = 4B83B3EA211585C5000DC9CF /* Build configuration list for PBXNativeTarget "PlaySwift" */;
			buildPhases = (
				4B83B3D4211585C4000DC9CF /* Sources */,
				4B83B3D5211585C4000DC9CF /* Frameworks */,
				4B83B3D6211585C4000DC9CF /* Resources */,
			);
			buildRules = (
			);
			dependencies = (
			);
			name = PlaySwift;
			productName = PlaySwift;
			productReference = 4B83B3D8211585C4000DC9CF /* PlaySwift.app */;
			productType = "com.apple.product-type.application";
		};
/* End PBXNativeTarget section */

/* Begin PBXProject section */
		4B83B3D0211585C4000DC9CF /* Project object */ = {
			isa = PBXProject;
			attributes = {
				LastSwiftUpdateCheck = 1000;
				LastUpgradeCheck = 1000;
				ORGANIZATIONNAME = com.amy;
				TargetAttributes = {
					4B83B3D7211585C4000DC9CF = {
						CreatedOnToolsVersion = 10.0;
					};
				};
			};
			buildConfigurationList = 4B83B3D3211585C4000DC9CF /* Build configuration list for PBXProject "PlaySwift" */;
			compatibilityVersion = "Xcode 9.3";
			developmentRegion = en;
			hasScannedForEncodings = 0;
			knownRegions = (
				en,
				Base,
			);
			mainGroup = 4B83B3CF211585C4000DC9CF;
			productRefGroup = 4B83B3D9211585C4000DC9CF /* Products */;
			projectDirPath = "";
			projectRoot = "";
			targets = (
				4B83B3D7211585C4000DC9CF /* PlaySwift */,
			);
		};
/* End PBXProject section */

/* Begin PBXResourcesBuildPhase section */
		4B83B3D6211585C4000DC9CF /* Resources */ = {
			isa = PBXResourcesBuildPhase;
			buildActionMask = 2147483647;
			files = (
				4B83B3E6211585C5000DC9CF /* LaunchScreen.storyboard in Resources */,
				4B83B3E3211585C5000DC9CF /* Assets.xcassets in Resources */,
				4B83B3E1211585C4000DC9CF /* Main.storyboard in Resources */,
			);
			runOnlyForDeploymentPostprocessing = 0;
		};
/* End PBXResourcesBuildPhase section */

/* Begin PBXSourcesBuildPhase section */
		4B83B3D4211585C4000DC9CF /* Sources */ = {
			isa = PBXSourcesBuildPhase;
			buildActionMask = 2147483647;
			files = (
				4B83B40021168D2C000DC9CF /* TabView.swift in Sources */,
				4B83B3F2211589FC000DC9CF /* GateWayCell.swift in Sources */,
				4B83B3F921158BE3000DC9CF /* SwipeMenuProtocol.swift in Sources */,
				4B83B3DE211585C4000DC9CF /* GateWayViewController.swift in Sources */,
				4B83B40421170CAB000DC9CF /* Router.swift in Sources */,
				4B83B40B21171162000DC9CF /* SwipeViewController.swift in Sources */,
				4B83B3F421158A26000DC9CF /* ExtensionUICollectionView.swift in Sources */,
				4B83B40821170D73000DC9CF /* ContentViewController.swift in Sources */,
				4B83B40221170B38000DC9CF /* SwipeMenuViewController.swift in Sources */,
				4B83B3F0211589E2000DC9CF /* GlobalCollectionViewCell.swift in Sources */,
				4B83B3EE211585FE000DC9CF /* GlobalViewController.swift in Sources */,
				4B83B3FB2116868A000DC9CF /* SwipeMenuView.swift in Sources */,
				4B83B3DC211585C4000DC9CF /* AppDelegate.swift in Sources */,
				4B83B3FE21168A8E000DC9CF /* ContentScrollView.swift in Sources */,
			);
			runOnlyForDeploymentPostprocessing = 0;
		};
/* End PBXSourcesBuildPhase section */

/* Begin PBXVariantGroup section */
		4B83B3DF211585C4000DC9CF /* Main.storyboard */ = {
			isa = PBXVariantGroup;
			children = (
				4B83B3E0211585C4000DC9CF /* Base */,
			);
			name = Main.storyboard;
			sourceTree = "<group>";
		};
		4B83B3E4211585C5000DC9CF /* LaunchScreen.storyboard */ = {
			isa = PBXVariantGroup;
			children = (
				4B83B3E5211585C5000DC9CF /* Base */,
			);
			name = LaunchScreen.storyboard;
			sourceTree = "<group>";
		};
/* End PBXVariantGroup section */

/* Begin XCBuildConfiguration section */
		4B83B3E8211585C5000DC9CF /* Debug */ = {
			isa = XCBuildConfiguration;
			buildSettings = {
				ALWAYS_SEARCH_USER_PATHS = NO;
				CLANG_ANALYZER_NONNULL = YES;
				CLANG_ANALYZER_NUMBER_OBJECT_CONVERSION = YES_AGGRESSIVE;
				CLANG_CXX_LANGUAGE_STANDARD = "gnu++14";
				CLANG_CXX_LIBRARY = "libc++";
				CLANG_ENABLE_MODULES = YES;
				CLANG_ENABLE_OBJC_ARC = YES;
				CLANG_ENABLE_OBJC_WEAK = YES;
				CLANG_WARN_BLOCK_CAPTURE_AUTORELEASING = YES;
				CLANG_WARN_BOOL_CONVERSION = YES;
				CLANG_WARN_COMMA = YES;
				CLANG_WARN_CONSTANT_CONVERSION = YES;
				CLANG_WARN_DEPRECATED_OBJC_IMPLEMENTATIONS = YES;
				CLANG_WARN_DIRECT_OBJC_ISA_USAGE = YES_ERROR;
				CLANG_WARN_DOCUMENTATION_COMMENTS = YES;
				CLANG_WARN_EMPTY_BODY = YES;
				CLANG_WARN_ENUM_CONVERSION = YES;
				CLANG_WARN_INFINITE_RECURSION = YES;
				CLANG_WARN_INT_CONVERSION = YES;
				CLANG_WARN_NON_LITERAL_NULL_CONVERSION = YES;
				CLANG_WARN_OBJC_IMPLICIT_RETAIN_SELF = YES;
				CLANG_WARN_OBJC_LITERAL_CONVERSION = YES;
				CLANG_WARN_OBJC_ROOT_CLASS = YES_ERROR;
				CLANG_WARN_RANGE_LOOP_ANALYSIS = YES;
				CLANG_WARN_STRICT_PROTOTYPES = YES;
				CLANG_WARN_SUSPICIOUS_MOVE = YES;
				CLANG_WARN_UNGUARDED_AVAILABILITY = YES_AGGRESSIVE;
				CLANG_WARN_UNREACHABLE_CODE = YES;
				CLANG_WARN__DUPLICATE_METHOD_MATCH = YES;
				CODE_SIGN_IDENTITY = "iPhone Developer";
				COPY_PHASE_STRIP = NO;
				DEBUG_INFORMATION_FORMAT = dwarf;
				ENABLE_STRICT_OBJC_MSGSEND = YES;
				ENABLE_TESTABILITY = YES;
				GCC_C_LANGUAGE_STANDARD = gnu11;
				GCC_DYNAMIC_NO_PIC = NO;
				GCC_NO_COMMON_BLOCKS = YES;
				GCC_OPTIMIZATION_LEVEL = 0;
				GCC_PREPROCESSOR_DEFINITIONS = (
					"DEBUG=1",
					"$(inherited)",
				);
				GCC_WARN_64_TO_32_BIT_CONVERSION = YES;
				GCC_WARN_ABOUT_RETURN_TYPE = YES_ERROR;
				GCC_WARN_UNDECLARED_SELECTOR = YES;
				GCC_WARN_UNINITIALIZED_AUTOS = YES_AGGRESSIVE;
				GCC_WARN_UNUSED_FUNCTION = YES;
				GCC_WARN_UNUSED_VARIABLE = YES;
				IPHONEOS_DEPLOYMENT_TARGET = 12.0;
				MTL_ENABLE_DEBUG_INFO = INCLUDE_SOURCE;
				ONLY_ACTIVE_ARCH = YES;
				SDKROOT = iphoneos;
				SWIFT_ACTIVE_COMPILATION_CONDITIONS = DEBUG;
				SWIFT_OPTIMIZATION_LEVEL = "-Onone";
			};
			name = Debug;
		};
		4B83B3E9211585C5000DC9CF /* Release */ = {
			isa = XCBuildConfiguration;
			buildSettings = {
				ALWAYS_SEARCH_USER_PATHS = NO;
				CLANG_ANALYZER_NONNULL = YES;
				CLANG_ANALYZER_NUMBER_OBJECT_CONVERSION = YES_AGGRESSIVE;
				CLANG_CXX_LANGUAGE_STANDARD = "gnu++14";
				CLANG_CXX_LIBRARY = "libc++";
				CLANG_ENABLE_MODULES = YES;
				CLANG_ENABLE_OBJC_ARC = YES;
				CLANG_ENABLE_OBJC_WEAK = YES;
				CLANG_WARN_BLOCK_CAPTURE_AUTORELEASING = YES;
				CLANG_WARN_BOOL_CONVERSION = YES;
				CLANG_WARN_COMMA = YES;
				CLANG_WARN_CONSTANT_CONVERSION = YES;
				CLANG_WARN_DEPRECATED_OBJC_IMPLEMENTATIONS = YES;
				CLANG_WARN_DIRECT_OBJC_ISA_USAGE = YES_ERROR;
				CLANG_WARN_DOCUMENTATION_COMMENTS = YES;
				CLANG_WARN_EMPTY_BODY = YES;
				CLANG_WARN_ENUM_CONVERSION = YES;
				CLANG_WARN_INFINITE_RECURSION = YES;
				CLANG_WARN_INT_CONVERSION = YES;
				CLANG_WARN_NON_LITERAL_NULL_CONVERSION = YES;
				CLANG_WARN_OBJC_IMPLICIT_RETAIN_SELF = YES;
				CLANG_WARN_OBJC_LITERAL_CONVERSION = YES;
				CLANG_WARN_OBJC_ROOT_CLASS = YES_ERROR;
				CLANG_WARN_RANGE_LOOP_ANALYSIS = YES;
				CLANG_WARN_STRICT_PROTOTYPES = YES;
				CLANG_WARN_SUSPICIOUS_MOVE = YES;
				CLANG_WARN_UNGUARDED_AVAILABILITY = YES_AGGRESSIVE;
				CLANG_WARN_UNREACHABLE_CODE = YES;
				CLANG_WARN__DUPLICATE_METHOD_MATCH = YES;
				CODE_SIGN_IDENTITY = "iPhone Developer";
				COPY_PHASE_STRIP = NO;
				DEBUG_INFORMATION_FORMAT = "dwarf-with-dsym";
				ENABLE_NS_ASSERTIONS = NO;
				ENABLE_STRICT_OBJC_MSGSEND = YES;
				GCC_C_LANGUAGE_STANDARD = gnu11;
				GCC_NO_COMMON_BLOCKS = YES;
				GCC_WARN_64_TO_32_BIT_CONVERSION = YES;
				GCC_WARN_ABOUT_RETURN_TYPE = YES_ERROR;
				GCC_WARN_UNDECLARED_SELECTOR = YES;
				GCC_WARN_UNINITIALIZED_AUTOS = YES_AGGRESSIVE;
				GCC_WARN_UNUSED_FUNCTION = YES;
				GCC_WARN_UNUSED_VARIABLE = YES;
				IPHONEOS_DEPLOYMENT_TARGET = 12.0;
				MTL_ENABLE_DEBUG_INFO = NO;
				SDKROOT = iphoneos;
				SWIFT_COMPILATION_MODE = wholemodule;
				SWIFT_OPTIMIZATION_LEVEL = "-O";
				VALIDATE_PRODUCT = YES;
			};
			name = Release;
		};
		4B83B3EB211585C5000DC9CF /* Debug */ = {
			isa = XCBuildConfiguration;
			buildSettings = {
				ASSETCATALOG_COMPILER_APPICON_NAME = AppIcon;
				CODE_SIGN_STYLE = Automatic;
				DEVELOPMENT_TEAM = W6W2L5AWAU;
				INFOPLIST_FILE = PlaySwift/Info.plist;
				IPHONEOS_DEPLOYMENT_TARGET = 10.0;
				LD_RUNPATH_SEARCH_PATHS = (
					"$(inherited)",
					"@executable_path/Frameworks",
				);
				PRODUCT_BUNDLE_IDENTIFIER = com.amy.PlaySwift;
				PRODUCT_NAME = "$(TARGET_NAME)";
				SWIFT_VERSION = 4.2;
				TARGETED_DEVICE_FAMILY = "1,2";
			};
			name = Debug;
		};
		4B83B3EC211585C5000DC9CF /* Release */ = {
			isa = XCBuildConfiguration;
			buildSettings = {
				ASSETCATALOG_COMPILER_APPICON_NAME = AppIcon;
				CODE_SIGN_STYLE = Automatic;
				DEVELOPMENT_TEAM = W6W2L5AWAU;
				INFOPLIST_FILE = PlaySwift/Info.plist;
				IPHONEOS_DEPLOYMENT_TARGET = 10.0;
				LD_RUNPATH_SEARCH_PATHS = (
					"$(inherited)",
					"@executable_path/Frameworks",
				);
				PRODUCT_BUNDLE_IDENTIFIER = com.amy.PlaySwift;
				PRODUCT_NAME = "$(TARGET_NAME)";
				SWIFT_VERSION = 4.2;
				TARGETED_DEVICE_FAMILY = "1,2";
			};
			name = Release;
		};
/* End XCBuildConfiguration section */

/* Begin XCConfigurationList section */
		4B83B3D3211585C4000DC9CF /* Build configuration list for PBXProject "PlaySwift" */ = {
			isa = XCConfigurationList;
			buildConfigurations = (
				4B83B3E8211585C5000DC9CF /* Debug */,
				4B83B3E9211585C5000DC9CF /* Release */,
			);
			defaultConfigurationIsVisible = 0;
			defaultConfigurationName = Release;
		};
		4B83B3EA211585C5000DC9CF /* Build configuration list for PBXNativeTarget "PlaySwift" */ = {
			isa = XCConfigurationList;
			buildConfigurations = (
				4B83B3EB211585C5000DC9CF /* Debug */,
				4B83B3EC211585C5000DC9CF /* Release */,
			);
			defaultConfigurationIsVisible = 0;
			defaultConfigurationName = Release;
		};
/* End XCConfigurationList section */
	};
	rootObject = 4B83B3D0211585C4000DC9CF /* Project object */;
}
